// !$*UTF8*$!
{
	archiveVersion = 1;
	classes = {
	};
	objectVersion = 56;
	objects = {

/* Begin PBXBuildFile section */
		3756D8EB298E364800160A10 /* 1-2.overloading.cpp in Sources */ = {isa = PBXBuildFile; fileRef = 3756D8E9298E364800160A10 /* 1-2.overloading.cpp */; };
		3756D8EE298E368D00160A10 /* 1-3.inline_function.cpp in Sources */ = {isa = PBXBuildFile; fileRef = 3756D8EC298E368D00160A10 /* 1-3.inline_function.cpp */; };
		3756D8F1298E4B1800160A10 /* 2-1.constant.cpp in Sources */ = {isa = PBXBuildFile; fileRef = 3756D8EF298E4B1800160A10 /* 2-1.constant.cpp */; };
		3756D8F3298E4D6300160A10 /* 2-2.reference.cpp in Sources */ = {isa = PBXBuildFile; fileRef = 3756D8F2298E4D6300160A10 /* 2-2.reference.cpp */; };
		375B4A00298D7E8F00418C47 /* 1-1.input_output.cpp in Sources */ = {isa = PBXBuildFile; fileRef = 375B49FF298D7E8F00418C47 /* 1-1.input_output.cpp */; };
		379D318E298F752B00D7D525 /* testground.cpp in Sources */ = {isa = PBXBuildFile; fileRef = 379D318D298F752B00D7D525 /* testground.cpp */; };
		379D3190298F7BA900D7D525 /* 3-1.structure.cpp in Sources */ = {isa = PBXBuildFile; fileRef = 379D318F298F7BA900D7D525 /* 3-1.structure.cpp */; };
		379D3192298F7F1400D7D525 /* 3-2.class.cpp in Sources */ = {isa = PBXBuildFile; fileRef = 379D3191298F7F1400D7D525 /* 3-2.class.cpp */; };
		379D3194298F814F00D7D525 /* 3-3.object_oriented_programming.cpp in Sources */ = {isa = PBXBuildFile; fileRef = 379D3193298F814F00D7D525 /* 3-3.object_oriented_programming.cpp */; };
/* End PBXBuildFile section */

/* Begin PBXCopyFilesBuildPhase section */
		375B49FA298D7E8F00418C47 /* CopyFiles */ = {
			isa = PBXCopyFilesBuildPhase;
			buildActionMask = 2147483647;
			dstPath = /usr/share/man/man1/;
			dstSubfolderSpec = 0;
			files = (
			);
			runOnlyForDeploymentPostprocessing = 1;
		};
/* End PBXCopyFilesBuildPhase section */

/* Begin PBXFileReference section */
		3756D8E9298E364800160A10 /* 1-2.overloading.cpp */ = {isa = PBXFileReference; lastKnownFileType = sourcecode.cpp.cpp; path = "1-2.overloading.cpp"; sourceTree = "<group>"; };
		3756D8EC298E368D00160A10 /* 1-3.inline_function.cpp */ = {isa = PBXFileReference; lastKnownFileType = sourcecode.cpp.cpp; path = "1-3.inline_function.cpp"; sourceTree = "<group>"; };
		3756D8EF298E4B1800160A10 /* 2-1.constant.cpp */ = {isa = PBXFileReference; lastKnownFileType = sourcecode.cpp.cpp; path = "2-1.constant.cpp"; sourceTree = "<group>"; };
		3756D8F2298E4D6300160A10 /* 2-2.reference.cpp */ = {isa = PBXFileReference; lastKnownFileType = sourcecode.cpp.cpp; path = "2-2.reference.cpp"; sourceTree = "<group>"; };
		375B49FC298D7E8F00418C47 /* cpp_test */ = {isa = PBXFileReference; explicitFileType = "compiled.mach-o.executable"; includeInIndex = 0; path = cpp_test; sourceTree = BUILT_PRODUCTS_DIR; };
		375B49FF298D7E8F00418C47 /* 1-1.input_output.cpp */ = {isa = PBXFileReference; lastKnownFileType = sourcecode.cpp.cpp; path = "1-1.input_output.cpp"; sourceTree = "<group>"; };
		379D318D298F752B00D7D525 /* testground.cpp */ = {isa = PBXFileReference; lastKnownFileType = sourcecode.cpp.cpp; name = testground.cpp; path = cpp_test/testground.cpp; sourceTree = "<group>"; };
		379D318F298F7BA900D7D525 /* 3-1.structure.cpp */ = {isa = PBXFileReference; lastKnownFileType = sourcecode.cpp.cpp; path = "3-1.structure.cpp"; sourceTree = "<group>"; };
		379D3191298F7F1400D7D525 /* 3-2.class.cpp */ = {isa = PBXFileReference; lastKnownFileType = sourcecode.cpp.cpp; path = "3-2.class.cpp"; sourceTree = "<group>"; };
		379D3193298F814F00D7D525 /* 3-3.object_oriented_programming.cpp */ = {isa = PBXFileReference; lastKnownFileType = sourcecode.cpp.cpp; path = "3-3.object_oriented_programming.cpp"; sourceTree = "<group>"; };
/* End PBXFileReference section */

/* Begin PBXFrameworksBuildPhase section */
		375B49F9298D7E8F00418C47 /* Frameworks */ = {
			isa = PBXFrameworksBuildPhase;
			buildActionMask = 2147483647;
			files = (
			);
			runOnlyForDeploymentPostprocessing = 0;
		};
/* End PBXFrameworksBuildPhase section */

/* Begin PBXGroup section */
		375B49F3298D7E8F00418C47 = {
			isa = PBXGroup;
			children = (
				379D318D298F752B00D7D525 /* testground.cpp */,
				375B49FE298D7E8F00418C47 /* cpp_test */,
				375B49FD298D7E8F00418C47 /* Products */,
			);
			sourceTree = "<group>";
		};
		375B49FD298D7E8F00418C47 /* Products */ = {
			isa = PBXGroup;
			children = (
				375B49FC298D7E8F00418C47 /* cpp_test */,
			);
			name = Products;
			sourceTree = "<group>";
		};
		375B49FE298D7E8F00418C47 /* cpp_test */ = {
			isa = PBXGroup;
			children = (
				375B49FF298D7E8F00418C47 /* 1-1.input_output.cpp */,
				3756D8E9298E364800160A10 /* 1-2.overloading.cpp */,
				3756D8EC298E368D00160A10 /* 1-3.inline_function.cpp */,
				3756D8EF298E4B1800160A10 /* 2-1.constant.cpp */,
				3756D8F2298E4D6300160A10 /* 2-2.reference.cpp */,
				379D318F298F7BA900D7D525 /* 3-1.structure.cpp */,
				379D3191298F7F1400D7D525 /* 3-2.class.cpp */,
				379D3193298F814F00D7D525 /* 3-3.object_oriented_programming.cpp */,
			);
			path = cpp_test;
			sourceTree = "<group>";
		};
/* End PBXGroup section */

/* Begin PBXNativeTarget section */
		375B49FB298D7E8F00418C47 /* cpp_test */ = {
			isa = PBXNativeTarget;
			buildConfigurationList = 375B4A03298D7E8F00418C47 /* Build configuration list for PBXNativeTarget "cpp_test" */;
			buildPhases = (
				375B49F8298D7E8F00418C47 /* Sources */,
				375B49F9298D7E8F00418C47 /* Frameworks */,
				375B49FA298D7E8F00418C47 /* CopyFiles */,
			);
			buildRules = (
			);
			dependencies = (
			);
			name = cpp_test;
			productName = cpp_test;
			productReference = 375B49FC298D7E8F00418C47 /* cpp_test */;
			productType = "com.apple.product-type.tool";
		};
/* End PBXNativeTarget section */

/* Begin PBXProject section */
		375B49F4298D7E8F00418C47 /* Project object */ = {
			isa = PBXProject;
			attributes = {
				BuildIndependentTargetsInParallel = 1;
				LastUpgradeCheck = 1420;
				TargetAttributes = {
					375B49FB298D7E8F00418C47 = {
						CreatedOnToolsVersion = 14.2;
					};
				};
			};
			buildConfigurationList = 375B49F7298D7E8F00418C47 /* Build configuration list for PBXProject "cpp_test" */;
			compatibilityVersion = "Xcode 14.0";
			developmentRegion = en;
			hasScannedForEncodings = 0;
			knownRegions = (
				en,
				Base,
			);
			mainGroup = 375B49F3298D7E8F00418C47;
			productRefGroup = 375B49FD298D7E8F00418C47 /* Products */;
			projectDirPath = "";
			projectRoot = "";
			targets = (
				375B49FB298D7E8F00418C47 /* cpp_test */,
			);
		};
/* End PBXProject section */

/* Begin PBXSourcesBuildPhase section */
		375B49F8298D7E8F00418C47 /* Sources */ = {
			isa = PBXSourcesBuildPhase;
			buildActionMask = 2147483647;
			files = (
				3756D8F3298E4D6300160A10 /* 2-2.reference.cpp in Sources */,
				379D3190298F7BA900D7D525 /* 3-1.structure.cpp in Sources */,
				379D3194298F814F00D7D525 /* 3-3.object_oriented_programming.cpp in Sources */,
				3756D8F1298E4B1800160A10 /* 2-1.constant.cpp in Sources */,
				379D318E298F752B00D7D525 /* testground.cpp in Sources */,
				379D3192298F7F1400D7D525 /* 3-2.class.cpp in Sources */,
				3756D8EE298E368D00160A10 /* 1-3.inline_function.cpp in Sources */,
				375B4A00298D7E8F00418C47 /* 1-1.input_output.cpp in Sources */,
				3756D8EB298E364800160A10 /* 1-2.overloading.cpp in Sources */,
			);
			runOnlyForDeploymentPostprocessing = 0;
		};
/* End PBXSourcesBuildPhase section */

/* Begin XCBuildConfiguration section */
		375B4A01298D7E8F00418C47 /* Debug */ = {
			isa = XCBuildConfiguration;
			buildSettings = {
				ALWAYS_SEARCH_USER_PATHS = NO;
				CLANG_ANALYZER_NONNULL = YES;
				CLANG_ANALYZER_NUMBER_OBJECT_CONVERSION = YES_AGGRESSIVE;
				CLANG_CXX_LANGUAGE_STANDARD = "gnu++20";
				CLANG_ENABLE_MODULES = YES;
				CLANG_ENABLE_OBJC_ARC = YES;
				CLANG_ENABLE_OBJC_WEAK = YES;
				CLANG_WARN_BLOCK_CAPTURE_AUTORELEASING = YES;
				CLANG_WARN_BOOL_CONVERSION = YES;
				CLANG_WARN_COMMA = YES;
				CLANG_WARN_CONSTANT_CONVERSION = YES;
				CLANG_WARN_DEPRECATED_OBJC_IMPLEMENTATIONS = YES;
				CLANG_WARN_DIRECT_OBJC_ISA_USAGE = YES_ERROR;
				CLANG_WARN_DOCUMENTATION_COMMENTS = YES;
				CLANG_WARN_EMPTY_BODY = YES;
				CLANG_WARN_ENUM_CONVERSION = YES;
				CLANG_WARN_INFINITE_RECURSION = YES;
				CLANG_WARN_INT_CONVERSION = YES;
				CLANG_WARN_NON_LITERAL_NULL_CONVERSION = YES;
				CLANG_WARN_OBJC_IMPLICIT_RETAIN_SELF = YES;
				CLANG_WARN_OBJC_LITERAL_CONVERSION = YES;
				CLANG_WARN_OBJC_ROOT_CLASS = YES_ERROR;
				CLANG_WARN_QUOTED_INCLUDE_IN_FRAMEWORK_HEADER = YES;
				CLANG_WARN_RANGE_LOOP_ANALYSIS = YES;
				CLANG_WARN_STRICT_PROTOTYPES = YES;
				CLANG_WARN_SUSPICIOUS_MOVE = YES;
				CLANG_WARN_UNGUARDED_AVAILABILITY = YES_AGGRESSIVE;
				CLANG_WARN_UNREACHABLE_CODE = YES;
				CLANG_WARN__DUPLICATE_METHOD_MATCH = YES;
				COPY_PHASE_STRIP = NO;
				DEBUG_INFORMATION_FORMAT = dwarf;
				ENABLE_STRICT_OBJC_MSGSEND = YES;
				ENABLE_TESTABILITY = YES;
				GCC_C_LANGUAGE_STANDARD = gnu11;
				GCC_DYNAMIC_NO_PIC = NO;
				GCC_NO_COMMON_BLOCKS = YES;
				GCC_OPTIMIZATION_LEVEL = 0;
				GCC_PREPROCESSOR_DEFINITIONS = (
					"DEBUG=1",
					"$(inherited)",
				);
				GCC_WARN_64_TO_32_BIT_CONVERSION = YES;
				GCC_WARN_ABOUT_RETURN_TYPE = YES_ERROR;
				GCC_WARN_UNDECLARED_SELECTOR = YES;
				GCC_WARN_UNINITIALIZED_AUTOS = YES_AGGRESSIVE;
				GCC_WARN_UNUSED_FUNCTION = YES;
				GCC_WARN_UNUSED_VARIABLE = YES;
				MACOSX_DEPLOYMENT_TARGET = 12.6;
				MTL_ENABLE_DEBUG_INFO = INCLUDE_SOURCE;
				MTL_FAST_MATH = YES;
				ONLY_ACTIVE_ARCH = YES;
				SDKROOT = macosx;
			};
			name = Debug;
		};
		375B4A02298D7E8F00418C47 /* Release */ = {
			isa = XCBuildConfiguration;
			buildSettings = {
				ALWAYS_SEARCH_USER_PATHS = NO;
				CLANG_ANALYZER_NONNULL = YES;
				CLANG_ANALYZER_NUMBER_OBJECT_CONVERSION = YES_AGGRESSIVE;
				CLANG_CXX_LANGUAGE_STANDARD = "gnu++20";
				CLANG_ENABLE_MODULES = YES;
				CLANG_ENABLE_OBJC_ARC = YES;
				CLANG_ENABLE_OBJC_WEAK = YES;
				CLANG_WARN_BLOCK_CAPTURE_AUTORELEASING = YES;
				CLANG_WARN_BOOL_CONVERSION = YES;
				CLANG_WARN_COMMA = YES;
				CLANG_WARN_CONSTANT_CONVERSION = YES;
				CLANG_WARN_DEPRECATED_OBJC_IMPLEMENTATIONS = YES;
				CLANG_WARN_DIRECT_OBJC_ISA_USAGE = YES_ERROR;
				CLANG_WARN_DOCUMENTATION_COMMENTS = YES;
				CLANG_WARN_EMPTY_BODY = YES;
				CLANG_WARN_ENUM_CONVERSION = YES;
				CLANG_WARN_INFINITE_RECURSION = YES;
				CLANG_WARN_INT_CONVERSION = YES;
				CLANG_WARN_NON_LITERAL_NULL_CONVERSION = YES;
				CLANG_WARN_OBJC_IMPLICIT_RETAIN_SELF = YES;
				CLANG_WARN_OBJC_LITERAL_CONVERSION = YES;
				CLANG_WARN_OBJC_ROOT_CLASS = YES_ERROR;
				CLANG_WARN_QUOTED_INCLUDE_IN_FRAMEWORK_HEADER = YES;
				CLANG_WARN_RANGE_LOOP_ANALYSIS = YES;
				CLANG_WARN_STRICT_PROTOTYPES = YES;
				CLANG_WARN_SUSPICIOUS_MOVE = YES;
				CLANG_WARN_UNGUARDED_AVAILABILITY = YES_AGGRESSIVE;
				CLANG_WARN_UNREACHABLE_CODE = YES;
				CLANG_WARN__DUPLICATE_METHOD_MATCH = YES;
				COPY_PHASE_STRIP = NO;
				DEBUG_INFORMATION_FORMAT = "dwarf-with-dsym";
				ENABLE_NS_ASSERTIONS = NO;
				ENABLE_STRICT_OBJC_MSGSEND = YES;
				GCC_C_LANGUAGE_STANDARD = gnu11;
				GCC_NO_COMMON_BLOCKS = YES;
				GCC_WARN_64_TO_32_BIT_CONVERSION = YES;
				GCC_WARN_ABOUT_RETURN_TYPE = YES_ERROR;
				GCC_WARN_UNDECLARED_SELECTOR = YES;
				GCC_WARN_UNINITIALIZED_AUTOS = YES_AGGRESSIVE;
				GCC_WARN_UNUSED_FUNCTION = YES;
				GCC_WARN_UNUSED_VARIABLE = YES;
				MACOSX_DEPLOYMENT_TARGET = 12.6;
				MTL_ENABLE_DEBUG_INFO = NO;
				MTL_FAST_MATH = YES;
				SDKROOT = macosx;
			};
			name = Release;
		};
		375B4A04298D7E8F00418C47 /* Debug */ = {
			isa = XCBuildConfiguration;
			buildSettings = {
				CODE_SIGN_STYLE = Automatic;
				PRODUCT_NAME = "$(TARGET_NAME)";
			};
			name = Debug;
		};
		375B4A05298D7E8F00418C47 /* Release */ = {
			isa = XCBuildConfiguration;
			buildSettings = {
				CODE_SIGN_STYLE = Automatic;
				PRODUCT_NAME = "$(TARGET_NAME)";
			};
			name = Release;
		};
/* End XCBuildConfiguration section */

/* Begin XCConfigurationList section */
		375B49F7298D7E8F00418C47 /* Build configuration list for PBXProject "cpp_test" */ = {
			isa = XCConfigurationList;
			buildConfigurations = (
				375B4A01298D7E8F00418C47 /* Debug */,
				375B4A02298D7E8F00418C47 /* Release */,
			);
			defaultConfigurationIsVisible = 0;
			defaultConfigurationName = Release;
		};
		375B4A03298D7E8F00418C47 /* Build configuration list for PBXNativeTarget "cpp_test" */ = {
			isa = XCConfigurationList;
			buildConfigurations = (
				375B4A04298D7E8F00418C47 /* Debug */,
				375B4A05298D7E8F00418C47 /* Release */,
			);
			defaultConfigurationIsVisible = 0;
			defaultConfigurationName = Release;
		};
/* End XCConfigurationList section */
	};
	rootObject = 375B49F4298D7E8F00418C47 /* Project object */;
}
